{
  "requires": true,
  "lockfileVersion": 1,
  "dependencies": {
    "svg-gauge": {
      "version": "1.0.6",
      "resolved": "https://registry.npmjs.org/svg-gauge/-/svg-gauge-1.0.6.tgz",
      "integrity": "sha512-gRkznVhtS18eOM/GMPDXAvrLZOpqzNVDg4bFAPAEjiDKd1tZHFIe8Bwt3G6TFg/H+pFboetPPI+zoV+bOL26QQ=="
    }
  }
}
